
Microsoft Visual Studio Solution File, Format Version 12.00
# Visual Studio Version 16
VisualStudioVersion = 16.0.31729.503
MinimumVisualStudioVersion = 10.0.40219.1
Project("{8BC9CEB8-8B4A-11D0-8D11-00A0C91BC942}") = "LZ", "LZ\LZ.vcxproj", "{F0080542-5774-4731-9838-99FC3A5ABB4E}"
EndProject
Global
	GlobalSection(SolutionConfigurationPlatforms) = preSolution
		Debug|x64 = Debug|x64
		Debug|x86 = Debug|x86
		Release|x64 = Release|x64
		Release|x86 = Release|x86
	EndGlobalSection
	GlobalSection(ProjectConfigurationPlatforms) = postSolution
		{F0080542-5774-4731-9838-99FC3A5ABB4E}.Debug|x64.ActiveCfg = Debug|x64
		{F0080542-5774-4731-9838-99FC3A5ABB4E}.Debug|x64.Build.0 = Debug|x64
		{F0080542-5774-4731-9838-99FC3A5ABB4E}.Debug|x86.ActiveCfg = Debug|Win32
		{F0080542-5774-4731-9838-99FC3A5ABB4E}.Debug|x86.Build.0 = Debug|Win32
		{F0080542-5774-4731-9838-99FC3A5ABB4E}.Release|x64.ActiveCfg = Release|x64
		{F0080542-5774-4731-9838-99FC3A5ABB4E}.Release|x64.Build.0 = Release|x64
		{F0080542-5774-4731-9838-99FC3A5ABB4E}.Release|x86.ActiveCfg = Release|Win32
		{F0080542-5774-4731-9838-99FC3A5ABB4E}.Release|x86.Build.0 = Release|Win32
	EndGlobalSection
	GlobalSection(SolutionProperties) = preSolution
		HideSolutionNode = FALSE
	EndGlobalSection
	GlobalSection(ExtensibilityGlobals) = postSolution
		SolutionGuid = {A49C9C41-3F73-4499-85A3-040868C9D43A}
	EndGlobalSection
EndGlobal
